PODS:
  - ColorArt (0.1.1)
  - DACircularProgress (2.3.1)
  - IDMPhotoBrowser (1.11):
    - DACircularProgress
    - pop
    - SDWebImage (= 4.0.0)
  - pop (1.0.9)
  - SDWebImage (4.0.0):
    - SDWebImage/Core (= 4.0.0)
  - SDWebImage/Core (4.0.0)
  - TLYShyNavBar (1.1.1)

DEPENDENCIES:
  - ColorArt
  - IDMPhotoBrowser
  - TLYShyNavBar

SPEC CHECKSUMS:
  ColorArt: de0ffb63da4acdde8e234ded62e200236ca3e7e4
  DACircularProgress: 4dd437c0fc3da5161cb289e07ac449493d41db71
  IDMPhotoBrowser: b3c18767daf13d41ee61edb616199ec1105090ef
  pop: f667631a5108a2e60d9e8797c9b32ddaf2080bce
  SDWebImage: 76a6348bdc74eb5a55dd08a091ef298e56b55e41
  TLYShyNavBar: d200e598923fbc2bd21a5c5efdfabf4898b11da0

PODFILE CHECKSUM: 658a48f9f21325ad3451433f3e479c708e7f46c0

COCOAPODS: 1.2.0
